{
    "_readme": [
        "This file locks the dependencies of your project to a known state",
        "Read more about it at https://getcomposer.org/doc/01-basic-usage.md#composer-lock-the-lock-file",
        "This file is @generated automatically"
    ],
    "content-hash": "2fc9a3a8bbb8cb1184523a33789bdee0",
    "packages": [
        {
            "name": "phore/core",
            "version": "dev-master",
            "source": {
                "type": "git",
                "url": "https://github.com/phore/phore-core.git",
                "reference": "8101bba0aea6d8318e34534938a70ae62b827f9e"
            },
            "dist": {
                "type": "zip",
                "url": "https://api.github.com/repos/phore/phore-core/zipball/8101bba0aea6d8318e34534938a70ae62b827f9e",
                "reference": "8101bba0aea6d8318e34534938a70ae62b827f9e",
                "shasum": ""
            },
            "require": {
                "php": ">=7.1"
            },
            "require-dev": {
                "ext-json": "*",
                "ext-sodium": "*",
                "ext-yaml": "*",
                "phpunit/phpunit": "*"
            },
            "suggest": {
                "ext-json": "Json encoding parsing",
                "ext-sodium": "Encryption functions",
                "ext-yaml": "Yaml encoding parsing"
            },
            "type": "library",
            "autoload": {
                "psr-4": {
                    "Phore\\Core\\": "src/"
                },
                "files": [
                    "src/functions.inc.php"
                ]
            },
            "notification-url": "https://packagist.org/downloads/",
            "license": [
                "MIT"
            ],
            "authors": [
                {
                    "name": "Matthias Leuffen",
                    "email": "m@tth.es"
                }
            ],
            "description": "Phore core library",
            "homepage": "https://infracamp.org/phore/",
            "time": "2019-09-20T11:59:22+00:00"
        },
        {
            "name": "psr/log",
            "version": "dev-master",
            "source": {
                "type": "git",
                "url": "https://github.com/php-fig/log.git",
                "reference": "c4421fcac1edd5a324fda73e589a5cf96e52ffd0"
            },
            "dist": {
                "type": "zip",
                "url": "https://api.github.com/repos/php-fig/log/zipball/c4421fcac1edd5a324fda73e589a5cf96e52ffd0",
                "reference": "c4421fcac1edd5a324fda73e589a5cf96e52ffd0",
                "shasum": ""
            },
            "require": {
                "php": ">=5.3.0"
            },
            "type": "library",
            "extra": {
                "branch-alias": {
                    "dev-master": "1.1.x-dev"
                }
            },
            "autoload": {
                "psr-4": {
                    "Psr\\Log\\": "Psr/Log/"
                }
            },
            "notification-url": "https://packagist.org/downloads/",
            "license": [
                "MIT"
            ],
            "authors": [
                {
                    "name": "PHP-FIG",
                    "homepage": "http://www.php-fig.org/"
                }
            ],
            "description": "Common interface for logging libraries",
            "homepage": "https://github.com/php-fig/log",
            "keywords": [
                "log",
                "psr",
                "psr-3"
            ],
            "time": "2018-11-21T13:42:00+00:00"
        }
    ],
    "packages-dev": [
        {
            "name": "nette/tester",
            "version": "dev-master",
            "source": {
                "type": "git",
                "url": "https://github.com/nette/tester.git",
                "reference": "81b0887f5317a1c7f8b7390f492764efb282a724"
            },
            "dist": {
                "type": "zip",
                "url": "https://api.github.com/repos/nette/tester/zipball/81b0887f5317a1c7f8b7390f492764efb282a724",
                "reference": "81b0887f5317a1c7f8b7390f492764efb282a724",
                "shasum": ""
            },
            "require": {
                "php": ">=7.1"
            },
            "bin": [
                "src/tester"
            ],
            "type": "library",
            "extra": {
                "branch-alias": {
                    "dev-master": "2.4-dev"
                }
            },
            "autoload": {
                "classmap": [
                    "src/"
                ]
            },
            "notification-url": "https://packagist.org/downloads/",
            "license": [
                "BSD-3-Clause",
                "GPL-2.0",
                "GPL-3.0"
            ],
            "authors": [
                {
                    "name": "David Grudl",
                    "homepage": "https://davidgrudl.com"
                },
                {
                    "name": "Nette Community",
                    "homepage": "https://nette.org/contributors"
                }
            ],
            "description": "Nette Tester: enjoyable unit testing in PHP with code coverage reporter. 🍏🍏🍎🍏",
            "homepage": "https://tester.nette.org",
            "keywords": [
                "Xdebug",
                "assertions",
                "clover",
                "code coverage",
                "nette",
                "pcov",
                "phpdbg",
                "phpunit",
                "testing",
                "unit"
            ],
            "time": "2019-09-13T12:48:33+00:00"
        }
    ],
    "aliases": [],
    "minimum-stability": "dev",
    "stability-flags": {
        "phore/core": 20,
        "nette/tester": 20
    },
    "prefer-stable": false,
    "prefer-lowest": false,
    "platform": {
        "php": ">=7.1"
    },
    "platform-dev": []
}
